// !$*UTF8*$!
{
	archiveVersion = 1;
	classes = {
	};
	objectVersion = 46;
	objects = {

/* Begin PBXBuildFile section */
		D4AC27671B64611700F0F6D0 /* main.cpp in Sources */ = {isa = PBXBuildFile; fileRef = D4AC27661B64611700F0F6D0 /* main.cpp */; };
/* End PBXBuildFile section */

/* Begin PBXCopyFilesBuildPhase section */
		D4AC27611B64611700F0F6D0 /* CopyFiles */ = {
			isa = PBXCopyFilesBuildPhase;
			buildActionMask = 2147483647;
			dstPath = /usr/share/man/man1/;
			dstSubfolderSpec = 0;
			files = (
			);
			runOnlyForDeploymentPostprocessing = 1;
		};
/* End PBXCopyFilesBuildPhase section */

/* Begin PBXFileReference section */
		D4AC27631B64611700F0F6D0 /* CasinoNumberGame */ = {isa = PBXFileReference; explicitFileType = "compiled.mach-o.executable"; includeInIndex = 0; path = CasinoNumberGame; sourceTree = BUILT_PRODUCTS_DIR; };
		D4AC27661B64611700F0F6D0 /* main.cpp */ = {isa = PBXFileReference; lastKnownFileType = sourcecode.cpp.cpp; path = main.cpp; sourceTree = "<group>"; };
/* End PBXFileReference section */

/* Begin PBXFrameworksBuildPhase section */
		D4AC27601B64611700F0F6D0 /* Frameworks */ = {
			isa = PBXFrameworksBuildPhase;
			buildActionMask = 2147483647;
			files = (
			);
			runOnlyForDeploymentPostprocessing = 0;
		};
/* End PBXFrameworksBuildPhase section */

/* Begin PBXGroup section */
		D4AC275A1B64611700F0F6D0 = {
			isa = PBXGroup;
			children = (
				D4AC27651B64611700F0F6D0 /* CasinoNumberGame */,
				D4AC27641B64611700F0F6D0 /* Products */,
			);
			sourceTree = "<group>";
		};
		D4AC27641B64611700F0F6D0 /* Products */ = {
			isa = PBXGroup;
			children = (
				D4AC27631B64611700F0F6D0 /* CasinoNumberGame */,
			);
			name = Products;
			sourceTree = "<group>";
		};
		D4AC27651B64611700F0F6D0 /* CasinoNumberGame */ = {
			isa = PBXGroup;
			children = (
				D4AC27661B64611700F0F6D0 /* main.cpp */,
			);
			path = CasinoNumberGame;
			sourceTree = "<group>";
		};
/* End PBXGroup section */

/* Begin PBXNativeTarget section */
		D4AC27621B64611700F0F6D0 /* CasinoNumberGame */ = {
			isa = PBXNativeTarget;
			buildConfigurationList = D4AC276A1B64611700F0F6D0 /* Build configuration list for PBXNativeTarget "CasinoNumberGame" */;
			buildPhases = (
				D4AC275F1B64611700F0F6D0 /* Sources */,
				D4AC27601B64611700F0F6D0 /* Frameworks */,
				D4AC27611B64611700F0F6D0 /* CopyFiles */,
			);
			buildRules = (
			);
			dependencies = (
			);
			name = CasinoNumberGame;
			productName = CasinoNumberGame;
			productReference = D4AC27631B64611700F0F6D0 /* CasinoNumberGame */;
			productType = "com.apple.product-type.tool";
		};
/* End PBXNativeTarget section */

/* Begin PBXProject section */
		D4AC275B1B64611700F0F6D0 /* Project object */ = {
			isa = PBXProject;
			attributes = {
				LastUpgradeCheck = 0640;
				ORGANIZATIONNAME = "Jay Kim";
				TargetAttributes = {
					D4AC27621B64611700F0F6D0 = {
						CreatedOnToolsVersion = 6.4;
					};
				};
			};
			buildConfigurationList = D4AC275E1B64611700F0F6D0 /* Build configuration list for PBXProject "CasinoNumberGame" */;
			compatibilityVersion = "Xcode 3.2";
			developmentRegion = English;
			hasScannedForEncodings = 0;
			knownRegions = (
				en,
			);
			mainGroup = D4AC275A1B64611700F0F6D0;
			productRefGroup = D4AC27641B64611700F0F6D0 /* Products */;
			projectDirPath = "";
			projectRoot = "";
			targets = (
				D4AC27621B64611700F0F6D0 /* CasinoNumberGame */,
			);
		};
/* End PBXProject section */

/* Begin PBXSourcesBuildPhase section */
		D4AC275F1B64611700F0F6D0 /* Sources */ = {
			isa = PBXSourcesBuildPhase;
			buildActionMask = 2147483647;
			files = (
				D4AC27671B64611700F0F6D0 /* main.cpp in Sources */,
			);
			runOnlyForDeploymentPostprocessing = 0;
		};
/* End PBXSourcesBuildPhase section */

/* Begin XCBuildConfiguration section */
		D4AC27681B64611700F0F6D0 /* Debug */ = {
			isa = XCBuildConfiguration;
			buildSettings = {
				ALWAYS_SEARCH_USER_PATHS = NO;
				CLANG_CXX_LANGUAGE_STANDARD = "gnu++0x";
				CLANG_CXX_LIBRARY = "libc++";
				CLANG_ENABLE_MODULES = YES;
				CLANG_ENABLE_OBJC_ARC = YES;
				CLANG_WARN_BOOL_CONVERSION = YES;
				CLANG_WARN_CONSTANT_CONVERSION = YES;
				CLANG_WARN_DIRECT_OBJC_ISA_USAGE = YES_ERROR;
				CLANG_WARN_EMPTY_BODY = YES;
				CLANG_WARN_ENUM_CONVERSION = YES;
				CLANG_WARN_INT_CONVERSION = YES;
				CLANG_WARN_OBJC_ROOT_CLASS = YES_ERROR;
				CLANG_WARN_UNREACHABLE_CODE = YES;
				CLANG_WARN__DUPLICATE_METHOD_MATCH = YES;
				COPY_PHASE_STRIP = NO;
				DEBUG_INFORMATION_FORMAT = dwarf;
				ENABLE_STRICT_OBJC_MSGSEND = YES;
				GCC_C_LANGUAGE_STANDARD = gnu99;
				GCC_DYNAMIC_NO_PIC = NO;
				GCC_NO_COMMON_BLOCKS = YES;
				GCC_OPTIMIZATION_LEVEL = 0;
				GCC_PREPROCESSOR_DEFINITIONS = (
					"DEBUG=1",
					"$(inherited)",
				);
				GCC_SYMBOLS_PRIVATE_EXTERN = NO;
				GCC_WARN_64_TO_32_BIT_CONVERSION = YES;
				GCC_WARN_ABOUT_RETURN_TYPE = YES_ERROR;
				GCC_WARN_UNDECLARED_SELECTOR = YES;
				GCC_WARN_UNINITIALIZED_AUTOS = YES_AGGRESSIVE;
				GCC_WARN_UNUSED_FUNCTION = YES;
				GCC_WARN_UNUSED_VARIABLE = YES;
				MACOSX_DEPLOYMENT_TARGET = 10.10;
				MTL_ENABLE_DEBUG_INFO = YES;
				ONLY_ACTIVE_ARCH = YES;
				SDKROOT = macosx;
			};
			name = Debug;
		};
		D4AC27691B64611700F0F6D0 /* Release */ = {
			isa = XCBuildConfiguration;
			buildSettings = {
				ALWAYS_SEARCH_USER_PATHS = NO;
				CLANG_CXX_LANGUAGE_STANDARD = "gnu++0x";
				CLANG_CXX_LIBRARY = "libc++";
				CLANG_ENABLE_MODULES = YES;
				CLANG_ENABLE_OBJC_ARC = YES;
				CLANG_WARN_BOOL_CONVERSION = YES;
				CLANG_WARN_CONSTANT_CONVERSION = YES;
				CLANG_WARN_DIRECT_OBJC_ISA_USAGE = YES_ERROR;
				CLANG_WARN_EMPTY_BODY = YES;
				CLANG_WARN_ENUM_CONVERSION = YES;
				CLANG_WARN_INT_CONVERSION = YES;
				CLANG_WARN_OBJC_ROOT_CLASS = YES_ERROR;
				CLANG_WARN_UNREACHABLE_CODE = YES;
				CLANG_WARN__DUPLICATE_METHOD_MATCH = YES;
				COPY_PHASE_STRIP = NO;
				DEBUG_INFORMATION_FORMAT = "dwarf-with-dsym";
				ENABLE_NS_ASSERTIONS = NO;
				ENABLE_STRICT_OBJC_MSGSEND = YES;
				GCC_C_LANGUAGE_STANDARD = gnu99;
				GCC_NO_COMMON_BLOCKS = YES;
				GCC_WARN_64_TO_32_BIT_CONVERSION = YES;
				GCC_WARN_ABOUT_RETURN_TYPE = YES_ERROR;
				GCC_WARN_UNDECLARED_SELECTOR = YES;
				GCC_WARN_UNINITIALIZED_AUTOS = YES_AGGRESSIVE;
				GCC_WARN_UNUSED_FUNCTION = YES;
				GCC_WARN_UNUSED_VARIABLE = YES;
				MACOSX_DEPLOYMENT_TARGET = 10.10;
				MTL_ENABLE_DEBUG_INFO = NO;
				SDKROOT = macosx;
			};
			name = Release;
		};
		D4AC276B1B64611700F0F6D0 /* Debug */ = {
			isa = XCBuildConfiguration;
			buildSettings = {
				PRODUCT_NAME = "$(TARGET_NAME)";
			};
			name = Debug;
		};
		D4AC276C1B64611700F0F6D0 /* Release */ = {
			isa = XCBuildConfiguration;
			buildSettings = {
				PRODUCT_NAME = "$(TARGET_NAME)";
			};
			name = Release;
		};
/* End XCBuildConfiguration section */

/* Begin XCConfigurationList section */
		D4AC275E1B64611700F0F6D0 /* Build configuration list for PBXProject "CasinoNumberGame" */ = {
			isa = XCConfigurationList;
			buildConfigurations = (
				D4AC27681B64611700F0F6D0 /* Debug */,
				D4AC27691B64611700F0F6D0 /* Release */,
			);
			defaultConfigurationIsVisible = 0;
			defaultConfigurationName = Release;
		};
		D4AC276A1B64611700F0F6D0 /* Build configuration list for PBXNativeTarget "CasinoNumberGame" */ = {
			isa = XCConfigurationList;
			buildConfigurations = (
				D4AC276B1B64611700F0F6D0 /* Debug */,
				D4AC276C1B64611700F0F6D0 /* Release */,
			);
			defaultConfigurationIsVisible = 0;
		};
/* End XCConfigurationList section */
	};
	rootObject = D4AC275B1B64611700F0F6D0 /* Project object */;
}
